
Microsoft Visual Studio Solution File, Format Version 12.00
# Visual Studio Version 17
VisualStudioVersion = 17.14.36327.8
MinimumVisualStudioVersion = 10.0.40219.1
Project("{FAE04EC0-301F-11D3-BF4B-00C04F79EFBC}") = "AegisDocs.UI", "AegisDocs.UI\AegisDocs.UI.csproj", "{21E56443-FE38-469E-9072-4ADD9AF6F4CE}"
EndProject
Project("{FAE04EC0-301F-11D3-BF4B-00C04F79EFBC}") = "AegisDocs.Core", "AegisDocs.Core\AegisDocs.Core.csproj", "{B87A8215-C501-48F1-BD11-47E966A3A96C}"
EndProject
Project("{FAE04EC0-301F-11D3-BF4B-00C04F79EFBC}") = "AegisDocs.AiServer", "AegisDocs.AiServer\AegisDocs.AiServer.csproj", "{48260802-4C7D-4A7D-A579-B9E5B9F53171}"
EndProject
Global
	GlobalSection(SolutionConfigurationPlatforms) = preSolution
		Debug|Any CPU = Debug|Any CPU
		Debug|x64 = Debug|x64
		Release|Any CPU = Release|Any CPU
		Release|x64 = Release|x64
	EndGlobalSection
	GlobalSection(ProjectConfigurationPlatforms) = postSolution
		{21E56443-FE38-469E-9072-4ADD9AF6F4CE}.Debug|Any CPU.ActiveCfg = Debug|Any CPU
		{21E56443-FE38-469E-9072-4ADD9AF6F4CE}.Debug|Any CPU.Build.0 = Debug|Any CPU
		{21E56443-FE38-469E-9072-4ADD9AF6F4CE}.Debug|x64.ActiveCfg = Debug|x64
		{21E56443-FE38-469E-9072-4ADD9AF6F4CE}.Debug|x64.Build.0 = Debug|x64
		{21E56443-FE38-469E-9072-4ADD9AF6F4CE}.Release|Any CPU.ActiveCfg = Release|Any CPU
		{21E56443-FE38-469E-9072-4ADD9AF6F4CE}.Release|Any CPU.Build.0 = Release|Any CPU
		{21E56443-FE38-469E-9072-4ADD9AF6F4CE}.Release|x64.ActiveCfg = Release|Any CPU
		{B87A8215-C501-48F1-BD11-47E966A3A96C}.Debug|Any CPU.ActiveCfg = Debug|Any CPU
		{B87A8215-C501-48F1-BD11-47E966A3A96C}.Debug|Any CPU.Build.0 = Debug|Any CPU
		{B87A8215-C501-48F1-BD11-47E966A3A96C}.Debug|x64.ActiveCfg = Debug|x64
		{B87A8215-C501-48F1-BD11-47E966A3A96C}.Debug|x64.Build.0 = Debug|x64
		{B87A8215-C501-48F1-BD11-47E966A3A96C}.Release|Any CPU.ActiveCfg = Release|Any CPU
		{B87A8215-C501-48F1-BD11-47E966A3A96C}.Release|Any CPU.Build.0 = Release|Any CPU
		{B87A8215-C501-48F1-BD11-47E966A3A96C}.Release|x64.ActiveCfg = Release|Any CPU
		{48260802-4C7D-4A7D-A579-B9E5B9F53171}.Debug|Any CPU.ActiveCfg = Debug|Any CPU
		{48260802-4C7D-4A7D-A579-B9E5B9F53171}.Debug|Any CPU.Build.0 = Debug|Any CPU
		{48260802-4C7D-4A7D-A579-B9E5B9F53171}.Debug|x64.ActiveCfg = Debug|Any CPU
		{48260802-4C7D-4A7D-A579-B9E5B9F53171}.Debug|x64.Build.0 = Debug|Any CPU
		{48260802-4C7D-4A7D-A579-B9E5B9F53171}.Release|Any CPU.ActiveCfg = Release|Any CPU
		{48260802-4C7D-4A7D-A579-B9E5B9F53171}.Release|Any CPU.Build.0 = Release|Any CPU
		{48260802-4C7D-4A7D-A579-B9E5B9F53171}.Release|x64.ActiveCfg = Release|Any CPU
		{48260802-4C7D-4A7D-A579-B9E5B9F53171}.Release|x64.Build.0 = Release|Any CPU
	EndGlobalSection
	GlobalSection(SolutionProperties) = preSolution
		HideSolutionNode = FALSE
	EndGlobalSection
	GlobalSection(ExtensibilityGlobals) = postSolution
		SolutionGuid = {5F5A9C16-A1C8-49BA-ACCC-D3AAA1401205}
	EndGlobalSection
EndGlobal
